Microsoft Visual Studio Solution File, Format Version 12.00
# Visual Studio Version 17
VisualStudioVersion = 17.13.35825.156
MinimumVisualStudioVersion = 10.0.40219.1
Project("{FAE04EC0-301F-11D3-BF4B-00C04F79EFBC}") = "Bank Console - dotnet", "Bank Console - dotnet.csproj", "{1B2AE8AC-74CF-4D0F-7061-32539E6D9463}"
EndProject
Global
	GlobalSection(SolutionConfigurationPlatforms) = preSolution
		Debug|Any CPU = Debug|Any CPU
		Release|Any CPU = Release|Any CPU
	EndGlobalSection
	GlobalSection(ProjectConfigurationPlatforms) = postSolution
		{1B2AE8AC-74CF-4D0F-7061-32539E6D9463}.Debug|Any CPU.ActiveCfg = Debug|Any CPU
		{1B2AE8AC-74CF-4D0F-7061-32539E6D9463}.Debug|Any CPU.Build.0 = Debug|Any CPU
		{1B2AE8AC-74CF-4D0F-7061-32539E6D9463}.Release|Any CPU.ActiveCfg = Release|Any CPU
		{1B2AE8AC-74CF-4D0F-7061-32539E6D9463}.Release|Any CPU.Build.0 = Release|Any CPU
	EndGlobalSection
	GlobalSection(SolutionProperties) = preSolution
		HideSolutionNode = FALSE
	EndGlobalSection
	GlobalSection(ExtensibilityGlobals) = postSolution
		SolutionGuid = {1CDE7D70-F032-4945-9693-558A15A4C601}
	EndGlobalSection
EndGlobal
