
Microsoft Visual Studio Solution File, Format Version 12.00
# Visual Studio Version 17
VisualStudioVersion = 17.11.35327.3
MinimumVisualStudioVersion = 10.0.40219.1
Project("{FAE04EC0-301F-11D3-BF4B-00C04F79EFBC}") = "WebApplication1", "WebApplication1.csproj", "{FBB84590-4042-4B57-95D1-7CAE5D47FEC4}"
EndProject
Global
	GlobalSection(SolutionConfigurationPlatforms) = preSolution
		Debug|Any CPU = Debug|Any CPU
		Release|Any CPU = Release|Any CPU
	EndGlobalSection
	GlobalSection(ProjectConfigurationPlatforms) = postSolution
		{FBB84590-4042-4B57-95D1-7CAE5D47FEC4}.Debug|Any CPU.ActiveCfg = Debug|Any CPU
		{FBB84590-4042-4B57-95D1-7CAE5D47FEC4}.Debug|Any CPU.Build.0 = Debug|Any CPU
		{FBB84590-4042-4B57-95D1-7CAE5D47FEC4}.Release|Any CPU.ActiveCfg = Release|Any CPU
		{FBB84590-4042-4B57-95D1-7CAE5D47FEC4}.Release|Any CPU.Build.0 = Release|Any CPU
	EndGlobalSection
	GlobalSection(SolutionProperties) = preSolution
		HideSolutionNode = FALSE
	EndGlobalSection
	GlobalSection(ExtensibilityGlobals) = postSolution
		SolutionGuid = {6DF7A346-2D39-444B-B458-9A4993C1D6B4}
	EndGlobalSection
EndGlobal
